
Microsoft Visual Studio Solution File, Format Version 12.00
# Visual Studio 14
VisualStudioVersion = 14.0.24720.0
MinimumVisualStudioVersion = 10.0.40219.1
Project("{FAE04EC0-301F-11D3-BF4B-00C04F79EFBC}") = "Exader.Net45", "src\Exader.Net45\Exader.Net45.csproj", "{6D039207-2656-45AF-8051-2C4133AA9A58}"
EndProject
Project("{FAE04EC0-301F-11D3-BF4B-00C04F79EFBC}") = "Exader.Test", "src\Exader.Test\Exader.Test.csproj", "{147BBBD7-8CBA-4DBB-A5F1-4C82B5058386}"
EndProject
Project("{FAE04EC0-301F-11D3-BF4B-00C04F79EFBC}") = "Exader.Silverlight", "src\Exader.Silverlight\Exader.Silverlight.csproj", "{7A2EB1DF-92C3-4028-9255-7E4E752E3622}"
EndProject
Project("{D954291E-2A0B-460D-934E-DC6B0785DB48}") = "Exader.Shared", "src\Exader.Shared\Exader.Shared.shproj", "{63FE43F8-3ED9-41F9-A0C7-28B2AD2A980F}"
EndProject
Project("{FAE04EC0-301F-11D3-BF4B-00C04F79EFBC}") = "Exader.Net35", "src\Exader.Net35\Exader.Net35.csproj", "{48DE2ACA-FE7C-4458-BC14-C6D7423D05A5}"
EndProject
Project("{2150E333-8FDC-42A3-9474-1A3956D46DE8}") = "Solution Items", "Solution Items", "{5119576E-9A2B-4BDD-BD46-8C491EC55C1A}"
	ProjectSection(SolutionItems) = preProject
		Exader.IO.nuspec = Exader.IO.nuspec
		Exader.nuspec = Exader.nuspec
		Exader.sln.DotSettings = Exader.sln.DotSettings
	EndProjectSection
EndProject
Project("{2150E333-8FDC-42A3-9474-1A3956D46DE8}") = "Test", "Test", "{9914801A-3DF7-48DC-BBB4-D59C6B2DAB2D}"
EndProject
Project("{FAE04EC0-301F-11D3-BF4B-00C04F79EFBC}") = "Exader.IO.Net45", "src\Exader.IO.Net45\Exader.IO.Net45.csproj", "{36EB59C1-A717-44C1-9AC4-BA0F2430CCB1}"
EndProject
Project("{FAE04EC0-301F-11D3-BF4B-00C04F79EFBC}") = "Exader.IO.Net35", "src\Exader.IO.Net35\Exader.IO.Net35.csproj", "{81A3BB19-95DF-433F-A964-1074DDB46469}"
EndProject
Project("{FAE04EC0-301F-11D3-BF4B-00C04F79EFBC}") = "Exader.IO.Silverlight", "src\Exader.IO.Silverlight\Exader.IO.Silverlight.csproj", "{76F74FF9-589B-4F4E-AF59-EE2721427A0F}"
EndProject
Project("{D954291E-2A0B-460D-934E-DC6B0785DB48}") = "Exader.IO.Shared", "src\Exader.IO.Shared\Exader.IO.Shared.shproj", "{4A414DA1-E15E-4EC7-8348-9A22133AC3C9}"
EndProject
Project("{FAE04EC0-301F-11D3-BF4B-00C04F79EFBC}") = "Exader.Reflection.Net45", "src\Exader.Reflection.Net45\Exader.Reflection.Net45.csproj", "{C94705DB-E4AD-4E29-99AD-900F6D12EE13}"
EndProject
Global
	GlobalSection(SharedMSBuildProjectFiles) = preSolution
		src\Exader.Shared\Exader.Shared.projitems*{7a2eb1df-92c3-4028-9255-7e4e752e3622}*SharedItemsImports = 4
		src\Exader.IO.Shared\Exader.IO.Shared.projitems*{76f74ff9-589b-4f4e-af59-ee2721427a0f}*SharedItemsImports = 4
		src\Exader.IO.Shared\Exader.IO.Shared.projitems*{81a3bb19-95df-433f-a964-1074ddb46469}*SharedItemsImports = 4
		src\Exader.IO.Shared\Exader.IO.Shared.projitems*{36eb59c1-a717-44c1-9ac4-ba0f2430ccb1}*SharedItemsImports = 4
		src\Exader.IO.Shared\Exader.IO.Shared.projitems*{4a414da1-e15e-4ec7-8348-9a22133ac3c9}*SharedItemsImports = 13
		src\Exader.Shared\Exader.Shared.projitems*{6d039207-2656-45af-8051-2c4133aa9a58}*SharedItemsImports = 4
		src\Exader.Shared\Exader.Shared.projitems*{48de2aca-fe7c-4458-bc14-c6d7423d05a5}*SharedItemsImports = 4
		src\Exader.Shared\Exader.Shared.projitems*{63fe43f8-3ed9-41f9-a0c7-28b2ad2a980f}*SharedItemsImports = 13
	EndGlobalSection
	GlobalSection(SolutionConfigurationPlatforms) = preSolution
		Debug|Any CPU = Debug|Any CPU
		Release|Any CPU = Release|Any CPU
	EndGlobalSection
	GlobalSection(ProjectConfigurationPlatforms) = postSolution
		{6D039207-2656-45AF-8051-2C4133AA9A58}.Debug|Any CPU.ActiveCfg = Debug|Any CPU
		{6D039207-2656-45AF-8051-2C4133AA9A58}.Debug|Any CPU.Build.0 = Debug|Any CPU
		{6D039207-2656-45AF-8051-2C4133AA9A58}.Release|Any CPU.ActiveCfg = Release|Any CPU
		{6D039207-2656-45AF-8051-2C4133AA9A58}.Release|Any CPU.Build.0 = Release|Any CPU
		{147BBBD7-8CBA-4DBB-A5F1-4C82B5058386}.Debug|Any CPU.ActiveCfg = Debug|Any CPU
		{147BBBD7-8CBA-4DBB-A5F1-4C82B5058386}.Debug|Any CPU.Build.0 = Debug|Any CPU
		{147BBBD7-8CBA-4DBB-A5F1-4C82B5058386}.Release|Any CPU.ActiveCfg = Release|Any CPU
		{147BBBD7-8CBA-4DBB-A5F1-4C82B5058386}.Release|Any CPU.Build.0 = Release|Any CPU
		{7A2EB1DF-92C3-4028-9255-7E4E752E3622}.Debug|Any CPU.ActiveCfg = Debug|Any CPU
		{7A2EB1DF-92C3-4028-9255-7E4E752E3622}.Debug|Any CPU.Build.0 = Debug|Any CPU
		{7A2EB1DF-92C3-4028-9255-7E4E752E3622}.Release|Any CPU.ActiveCfg = Release|Any CPU
		{7A2EB1DF-92C3-4028-9255-7E4E752E3622}.Release|Any CPU.Build.0 = Release|Any CPU
		{48DE2ACA-FE7C-4458-BC14-C6D7423D05A5}.Debug|Any CPU.ActiveCfg = Debug|Any CPU
		{48DE2ACA-FE7C-4458-BC14-C6D7423D05A5}.Debug|Any CPU.Build.0 = Debug|Any CPU
		{48DE2ACA-FE7C-4458-BC14-C6D7423D05A5}.Release|Any CPU.ActiveCfg = Release|Any CPU
		{48DE2ACA-FE7C-4458-BC14-C6D7423D05A5}.Release|Any CPU.Build.0 = Release|Any CPU
		{36EB59C1-A717-44C1-9AC4-BA0F2430CCB1}.Debug|Any CPU.ActiveCfg = Debug|Any CPU
		{36EB59C1-A717-44C1-9AC4-BA0F2430CCB1}.Debug|Any CPU.Build.0 = Debug|Any CPU
		{36EB59C1-A717-44C1-9AC4-BA0F2430CCB1}.Release|Any CPU.ActiveCfg = Release|Any CPU
		{36EB59C1-A717-44C1-9AC4-BA0F2430CCB1}.Release|Any CPU.Build.0 = Release|Any CPU
		{81A3BB19-95DF-433F-A964-1074DDB46469}.Debug|Any CPU.ActiveCfg = Debug|Any CPU
		{81A3BB19-95DF-433F-A964-1074DDB46469}.Debug|Any CPU.Build.0 = Debug|Any CPU
		{81A3BB19-95DF-433F-A964-1074DDB46469}.Release|Any CPU.ActiveCfg = Release|Any CPU
		{81A3BB19-95DF-433F-A964-1074DDB46469}.Release|Any CPU.Build.0 = Release|Any CPU
		{76F74FF9-589B-4F4E-AF59-EE2721427A0F}.Debug|Any CPU.ActiveCfg = Debug|Any CPU
		{76F74FF9-589B-4F4E-AF59-EE2721427A0F}.Debug|Any CPU.Build.0 = Debug|Any CPU
		{76F74FF9-589B-4F4E-AF59-EE2721427A0F}.Release|Any CPU.ActiveCfg = Release|Any CPU
		{76F74FF9-589B-4F4E-AF59-EE2721427A0F}.Release|Any CPU.Build.0 = Release|Any CPU
		{C94705DB-E4AD-4E29-99AD-900F6D12EE13}.Debug|Any CPU.ActiveCfg = Debug|Any CPU
		{C94705DB-E4AD-4E29-99AD-900F6D12EE13}.Debug|Any CPU.Build.0 = Debug|Any CPU
		{C94705DB-E4AD-4E29-99AD-900F6D12EE13}.Release|Any CPU.ActiveCfg = Release|Any CPU
		{C94705DB-E4AD-4E29-99AD-900F6D12EE13}.Release|Any CPU.Build.0 = Release|Any CPU
	EndGlobalSection
	GlobalSection(SolutionProperties) = preSolution
		HideSolutionNode = FALSE
	EndGlobalSection
	GlobalSection(NestedProjects) = preSolution
		{147BBBD7-8CBA-4DBB-A5F1-4C82B5058386} = {9914801A-3DF7-48DC-BBB4-D59C6B2DAB2D}
	EndGlobalSection
EndGlobal
